// !$*UTF8*$!
{
	archiveVersion = 1;
	classes = {
	};
	objectVersion = 50;
	objects = {

/* Begin PBXBuildFile section */
		784A2F0A25DF155B00061958 /* AppDelegate.swift in Sources */ = {isa = PBXBuildFile; fileRef = 784A2F0925DF155B00061958 /* AppDelegate.swift */; };
		784A2F0C25DF155B00061958 /* SceneDelegate.swift in Sources */ = {isa = PBXBuildFile; fileRef = 784A2F0B25DF155B00061958 /* SceneDelegate.swift */; };
		784A2F0E25DF155B00061958 /* ViewController.swift in Sources */ = {isa = PBXBuildFile; fileRef = 784A2F0D25DF155B00061958 /* ViewController.swift */; };
		784A2F1125DF155B00061958 /* Main.storyboard in Resources */ = {isa = PBXBuildFile; fileRef = 784A2F0F25DF155B00061958 /* Main.storyboard */; };
		784A2F1325DF155C00061958 /* Assets.xcassets in Resources */ = {isa = PBXBuildFile; fileRef = 784A2F1225DF155C00061958 /* Assets.xcassets */; };
		784A2F1625DF155C00061958 /* LaunchScreen.storyboard in Resources */ = {isa = PBXBuildFile; fileRef = 784A2F1425DF155C00061958 /* LaunchScreen.storyboard */; };
		784A2F1F25DF237C00061958 /* ViewController2.swift in Sources */ = {isa = PBXBuildFile; fileRef = 784A2F1E25DF237C00061958 /* ViewController2.swift */; };
/* End PBXBuildFile section */

/* Begin PBXFileReference section */
		784A2F0625DF155B00061958 /* Köstebek Yakala.app */ = {isa = PBXFileReference; explicitFileType = wrapper.application; includeInIndex = 0; path = "Köstebek Yakala.app"; sourceTree = BUILT_PRODUCTS_DIR; };
		784A2F0925DF155B00061958 /* AppDelegate.swift */ = {isa = PBXFileReference; lastKnownFileType = sourcecode.swift; path = AppDelegate.swift; sourceTree = "<group>"; };
		784A2F0B25DF155B00061958 /* SceneDelegate.swift */ = {isa = PBXFileReference; lastKnownFileType = sourcecode.swift; path = SceneDelegate.swift; sourceTree = "<group>"; };
		784A2F0D25DF155B00061958 /* ViewController.swift */ = {isa = PBXFileReference; lastKnownFileType = sourcecode.swift; path = ViewController.swift; sourceTree = "<group>"; };
		784A2F1025DF155B00061958 /* Base */ = {isa = PBXFileReference; lastKnownFileType = file.storyboard; name = Base; path = Base.lproj/Main.storyboard; sourceTree = "<group>"; };
		784A2F1225DF155C00061958 /* Assets.xcassets */ = {isa = PBXFileReference; lastKnownFileType = folder.assetcatalog; path = Assets.xcassets; sourceTree = "<group>"; };
		784A2F1525DF155C00061958 /* Base */ = {isa = PBXFileReference; lastKnownFileType = file.storyboard; name = Base; path = Base.lproj/LaunchScreen.storyboard; sourceTree = "<group>"; };
		784A2F1725DF155C00061958 /* Info.plist */ = {isa = PBXFileReference; lastKnownFileType = text.plist.xml; path = Info.plist; sourceTree = "<group>"; };
		784A2F1E25DF237C00061958 /* ViewController2.swift */ = {isa = PBXFileReference; lastKnownFileType = sourcecode.swift; path = ViewController2.swift; sourceTree = "<group>"; };
/* End PBXFileReference section */

/* Begin PBXFrameworksBuildPhase section */
		784A2F0325DF155B00061958 /* Frameworks */ = {
			isa = PBXFrameworksBuildPhase;
			buildActionMask = 2147483647;
			files = (
			);
			runOnlyForDeploymentPostprocessing = 0;
		};
/* End PBXFrameworksBuildPhase section */

/* Begin PBXGroup section */
		784A2EFD25DF155B00061958 = {
			isa = PBXGroup;
			children = (
				784A2F0825DF155B00061958 /* Köstebek Yakala */,
				784A2F0725DF155B00061958 /* Products */,
			);
			sourceTree = "<group>";
		};
		784A2F0725DF155B00061958 /* Products */ = {
			isa = PBXGroup;
			children = (
				784A2F0625DF155B00061958 /* Köstebek Yakala.app */,
			);
			name = Products;
			sourceTree = "<group>";
		};
		784A2F0825DF155B00061958 /* Köstebek Yakala */ = {
			isa = PBXGroup;
			children = (
				784A2F0925DF155B00061958 /* AppDelegate.swift */,
				784A2F0B25DF155B00061958 /* SceneDelegate.swift */,
				784A2F0D25DF155B00061958 /* ViewController.swift */,
				784A2F0F25DF155B00061958 /* Main.storyboard */,
				784A2F1E25DF237C00061958 /* ViewController2.swift */,
				784A2F1225DF155C00061958 /* Assets.xcassets */,
				784A2F1425DF155C00061958 /* LaunchScreen.storyboard */,
				784A2F1725DF155C00061958 /* Info.plist */,
			);
			path = "Köstebek Yakala";
			sourceTree = "<group>";
		};
/* End PBXGroup section */

/* Begin PBXNativeTarget section */
		784A2F0525DF155B00061958 /* Köstebek Yakala */ = {
			isa = PBXNativeTarget;
			buildConfigurationList = 784A2F1A25DF155C00061958 /* Build configuration list for PBXNativeTarget "Köstebek Yakala" */;
			buildPhases = (
				784A2F0225DF155B00061958 /* Sources */,
				784A2F0325DF155B00061958 /* Frameworks */,
				784A2F0425DF155B00061958 /* Resources */,
			);
			buildRules = (
			);
			dependencies = (
			);
			name = "Köstebek Yakala";
			productName = "Köstebek Yakala";
			productReference = 784A2F0625DF155B00061958 /* Köstebek Yakala.app */;
			productType = "com.apple.product-type.application";
		};
/* End PBXNativeTarget section */

/* Begin PBXProject section */
		784A2EFE25DF155B00061958 /* Project object */ = {
			isa = PBXProject;
			attributes = {
				LastSwiftUpdateCheck = 1240;
				LastUpgradeCheck = 1240;
				TargetAttributes = {
					784A2F0525DF155B00061958 = {
						CreatedOnToolsVersion = 12.4;
					};
				};
			};
			buildConfigurationList = 784A2F0125DF155B00061958 /* Build configuration list for PBXProject "Köstebek Yakala" */;
			compatibilityVersion = "Xcode 9.3";
			developmentRegion = en;
			hasScannedForEncodings = 0;
			knownRegions = (
				en,
				Base,
			);
			mainGroup = 784A2EFD25DF155B00061958;
			productRefGroup = 784A2F0725DF155B00061958 /* Products */;
			projectDirPath = "";
			projectRoot = "";
			targets = (
				784A2F0525DF155B00061958 /* Köstebek Yakala */,
			);
		};
/* End PBXProject section */

/* Begin PBXResourcesBuildPhase section */
		784A2F0425DF155B00061958 /* Resources */ = {
			isa = PBXResourcesBuildPhase;
			buildActionMask = 2147483647;
			files = (
				784A2F1625DF155C00061958 /* LaunchScreen.storyboard in Resources */,
				784A2F1325DF155C00061958 /* Assets.xcassets in Resources */,
				784A2F1125DF155B00061958 /* Main.storyboard in Resources */,
			);
			runOnlyForDeploymentPostprocessing = 0;
		};
/* End PBXResourcesBuildPhase section */

/* Begin PBXSourcesBuildPhase section */
		784A2F0225DF155B00061958 /* Sources */ = {
			isa = PBXSourcesBuildPhase;
			buildActionMask = 2147483647;
			files = (
				784A2F0E25DF155B00061958 /* ViewController.swift in Sources */,
				784A2F1F25DF237C00061958 /* ViewController2.swift in Sources */,
				784A2F0A25DF155B00061958 /* AppDelegate.swift in Sources */,
				784A2F0C25DF155B00061958 /* SceneDelegate.swift in Sources */,
			);
			runOnlyForDeploymentPostprocessing = 0;
		};
/* End PBXSourcesBuildPhase section */

/* Begin PBXVariantGroup section */
		784A2F0F25DF155B00061958 /* Main.storyboard */ = {
			isa = PBXVariantGroup;
			children = (
				784A2F1025DF155B00061958 /* Base */,
			);
			name = Main.storyboard;
			sourceTree = "<group>";
		};
		784A2F1425DF155C00061958 /* LaunchScreen.storyboard */ = {
			isa = PBXVariantGroup;
			children = (
				784A2F1525DF155C00061958 /* Base */,
			);
			name = LaunchScreen.storyboard;
			sourceTree = "<group>";
		};
/* End PBXVariantGroup section */

/* Begin XCBuildConfiguration section */
		784A2F1825DF155C00061958 /* Debug */ = {
			isa = XCBuildConfiguration;
			buildSettings = {
				ALWAYS_SEARCH_USER_PATHS = NO;
				CLANG_ANALYZER_NONNULL = YES;
				CLANG_ANALYZER_NUMBER_OBJECT_CONVERSION = YES_AGGRESSIVE;
				CLANG_CXX_LANGUAGE_STANDARD = "gnu++14";
				CLANG_CXX_LIBRARY = "libc++";
				CLANG_ENABLE_MODULES = YES;
				CLANG_ENABLE_OBJC_ARC = YES;
				CLANG_ENABLE_OBJC_WEAK = YES;
				CLANG_WARN_BLOCK_CAPTURE_AUTORELEASING = YES;
				CLANG_WARN_BOOL_CONVERSION = YES;
				CLANG_WARN_COMMA = YES;
				CLANG_WARN_CONSTANT_CONVERSION = YES;
				CLANG_WARN_DEPRECATED_OBJC_IMPLEMENTATIONS = YES;
				CLANG_WARN_DIRECT_OBJC_ISA_USAGE = YES_ERROR;
				CLANG_WARN_DOCUMENTATION_COMMENTS = YES;
				CLANG_WARN_EMPTY_BODY = YES;
				CLANG_WARN_ENUM_CONVERSION = YES;
				CLANG_WARN_INFINITE_RECURSION = YES;
				CLANG_WARN_INT_CONVERSION = YES;
				CLANG_WARN_NON_LITERAL_NULL_CONVERSION = YES;
				CLANG_WARN_OBJC_IMPLICIT_RETAIN_SELF = YES;
				CLANG_WARN_OBJC_LITERAL_CONVERSION = YES;
				CLANG_WARN_OBJC_ROOT_CLASS = YES_ERROR;
				CLANG_WARN_QUOTED_INCLUDE_IN_FRAMEWORK_HEADER = YES;
				CLANG_WARN_RANGE_LOOP_ANALYSIS = YES;
				CLANG_WARN_STRICT_PROTOTYPES = YES;
				CLANG_WARN_SUSPICIOUS_MOVE = YES;
				CLANG_WARN_UNGUARDED_AVAILABILITY = YES_AGGRESSIVE;
				CLANG_WARN_UNREACHABLE_CODE = YES;
				CLANG_WARN__DUPLICATE_METHOD_MATCH = YES;
				COPY_PHASE_STRIP = NO;
				DEBUG_INFORMATION_FORMAT = dwarf;
				ENABLE_STRICT_OBJC_MSGSEND = YES;
				ENABLE_TESTABILITY = YES;
				GCC_C_LANGUAGE_STANDARD = gnu11;
				GCC_DYNAMIC_NO_PIC = NO;
				GCC_NO_COMMON_BLOCKS = YES;
				GCC_OPTIMIZATION_LEVEL = 0;
				GCC_PREPROCESSOR_DEFINITIONS = (
					"DEBUG=1",
					"$(inherited)",
				);
				GCC_WARN_64_TO_32_BIT_CONVERSION = YES;
				GCC_WARN_ABOUT_RETURN_TYPE = YES_ERROR;
				GCC_WARN_UNDECLARED_SELECTOR = YES;
				GCC_WARN_UNINITIALIZED_AUTOS = YES_AGGRESSIVE;
				GCC_WARN_UNUSED_FUNCTION = YES;
				GCC_WARN_UNUSED_VARIABLE = YES;
				IPHONEOS_DEPLOYMENT_TARGET = 14.4;
				MTL_ENABLE_DEBUG_INFO = INCLUDE_SOURCE;
				MTL_FAST_MATH = YES;
				ONLY_ACTIVE_ARCH = YES;
				SDKROOT = iphoneos;
				SWIFT_ACTIVE_COMPILATION_CONDITIONS = DEBUG;
				SWIFT_OPTIMIZATION_LEVEL = "-Onone";
			};
			name = Debug;
		};
		784A2F1925DF155C00061958 /* Release */ = {
			isa = XCBuildConfiguration;
			buildSettings = {
				ALWAYS_SEARCH_USER_PATHS = NO;
				CLANG_ANALYZER_NONNULL = YES;
				CLANG_ANALYZER_NUMBER_OBJECT_CONVERSION = YES_AGGRESSIVE;
				CLANG_CXX_LANGUAGE_STANDARD = "gnu++14";
				CLANG_CXX_LIBRARY = "libc++";
				CLANG_ENABLE_MODULES = YES;
				CLANG_ENABLE_OBJC_ARC = YES;
				CLANG_ENABLE_OBJC_WEAK = YES;
				CLANG_WARN_BLOCK_CAPTURE_AUTORELEASING = YES;
				CLANG_WARN_BOOL_CONVERSION = YES;
				CLANG_WARN_COMMA = YES;
				CLANG_WARN_CONSTANT_CONVERSION = YES;
				CLANG_WARN_DEPRECATED_OBJC_IMPLEMENTATIONS = YES;
				CLANG_WARN_DIRECT_OBJC_ISA_USAGE = YES_ERROR;
				CLANG_WARN_DOCUMENTATION_COMMENTS = YES;
				CLANG_WARN_EMPTY_BODY = YES;
				CLANG_WARN_ENUM_CONVERSION = YES;
				CLANG_WARN_INFINITE_RECURSION = YES;
				CLANG_WARN_INT_CONVERSION = YES;
				CLANG_WARN_NON_LITERAL_NULL_CONVERSION = YES;
				CLANG_WARN_OBJC_IMPLICIT_RETAIN_SELF = YES;
				CLANG_WARN_OBJC_LITERAL_CONVERSION = YES;
				CLANG_WARN_OBJC_ROOT_CLASS = YES_ERROR;
				CLANG_WARN_QUOTED_INCLUDE_IN_FRAMEWORK_HEADER = YES;
				CLANG_WARN_RANGE_LOOP_ANALYSIS = YES;
				CLANG_WARN_STRICT_PROTOTYPES = YES;
				CLANG_WARN_SUSPICIOUS_MOVE = YES;
				CLANG_WARN_UNGUARDED_AVAILABILITY = YES_AGGRESSIVE;
				CLANG_WARN_UNREACHABLE_CODE = YES;
				CLANG_WARN__DUPLICATE_METHOD_MATCH = YES;
				COPY_PHASE_STRIP = NO;
				DEBUG_INFORMATION_FORMAT = "dwarf-with-dsym";
				ENABLE_NS_ASSERTIONS = NO;
				ENABLE_STRICT_OBJC_MSGSEND = YES;
				GCC_C_LANGUAGE_STANDARD = gnu11;
				GCC_NO_COMMON_BLOCKS = YES;
				GCC_WARN_64_TO_32_BIT_CONVERSION = YES;
				GCC_WARN_ABOUT_RETURN_TYPE = YES_ERROR;
				GCC_WARN_UNDECLARED_SELECTOR = YES;
				GCC_WARN_UNINITIALIZED_AUTOS = YES_AGGRESSIVE;
				GCC_WARN_UNUSED_FUNCTION = YES;
				GCC_WARN_UNUSED_VARIABLE = YES;
				IPHONEOS_DEPLOYMENT_TARGET = 14.4;
				MTL_ENABLE_DEBUG_INFO = NO;
				MTL_FAST_MATH = YES;
				SDKROOT = iphoneos;
				SWIFT_COMPILATION_MODE = wholemodule;
				SWIFT_OPTIMIZATION_LEVEL = "-O";
				VALIDATE_PRODUCT = YES;
			};
			name = Release;
		};
		784A2F1B25DF155C00061958 /* Debug */ = {
			isa = XCBuildConfiguration;
			buildSettings = {
				ASSETCATALOG_COMPILER_APPICON_NAME = AppIcon;
				ASSETCATALOG_COMPILER_GLOBAL_ACCENT_COLOR_NAME = AccentColor;
				CODE_SIGN_STYLE = Automatic;
				DEVELOPMENT_TEAM = Q5TKUQ5ZUC;
				INFOPLIST_FILE = "Köstebek Yakala/Info.plist";
				LD_RUNPATH_SEARCH_PATHS = (
					"$(inherited)",
					"@executable_path/Frameworks",
				);
				PRODUCT_BUNDLE_IDENTIFIER = "com.tolgakaganaysu.Ko-stebek-Yakala";
				PRODUCT_NAME = "$(TARGET_NAME)";
				SWIFT_VERSION = 5.0;
				TARGETED_DEVICE_FAMILY = "1,2";
			};
			name = Debug;
		};
		784A2F1C25DF155C00061958 /* Release */ = {
			isa = XCBuildConfiguration;
			buildSettings = {
				ASSETCATALOG_COMPILER_APPICON_NAME = AppIcon;
				ASSETCATALOG_COMPILER_GLOBAL_ACCENT_COLOR_NAME = AccentColor;
				CODE_SIGN_STYLE = Automatic;
				DEVELOPMENT_TEAM = Q5TKUQ5ZUC;
				INFOPLIST_FILE = "Köstebek Yakala/Info.plist";
				LD_RUNPATH_SEARCH_PATHS = (
					"$(inherited)",
					"@executable_path/Frameworks",
				);
				PRODUCT_BUNDLE_IDENTIFIER = "com.tolgakaganaysu.Ko-stebek-Yakala";
				PRODUCT_NAME = "$(TARGET_NAME)";
				SWIFT_VERSION = 5.0;
				TARGETED_DEVICE_FAMILY = "1,2";
			};
			name = Release;
		};
/* End XCBuildConfiguration section */

/* Begin XCConfigurationList section */
		784A2F0125DF155B00061958 /* Build configuration list for PBXProject "Köstebek Yakala" */ = {
			isa = XCConfigurationList;
			buildConfigurations = (
				784A2F1825DF155C00061958 /* Debug */,
				784A2F1925DF155C00061958 /* Release */,
			);
			defaultConfigurationIsVisible = 0;
			defaultConfigurationName = Release;
		};
		784A2F1A25DF155C00061958 /* Build configuration list for PBXNativeTarget "Köstebek Yakala" */ = {
			isa = XCConfigurationList;
			buildConfigurations = (
				784A2F1B25DF155C00061958 /* Debug */,
				784A2F1C25DF155C00061958 /* Release */,
			);
			defaultConfigurationIsVisible = 0;
			defaultConfigurationName = Release;
		};
/* End XCConfigurationList section */
	};
	rootObject = 784A2EFE25DF155B00061958 /* Project object */;
}
